<?xml version="1.0" encoding="utf-8"?>
<Project ToolsVersion="4.0" xmlns="http://schemas.microsoft.com/developer/msbuild/2003">
  <ItemGroup>
    <ClCompile Include="SOLID\1_SRP.cpp">
      <Filter>SOLID</Filter>
    </ClCompile>
    <ClCompile Include="SOLID\2_OCP.cpp">
      <Filter>SOLID</Filter>
    </ClCompile>
    <ClCompile Include="SOLID\4_ISP.cpp">
      <Filter>SOLID</Filter>
    </ClCompile>
    <ClCompile Include="SOLID\5_DIP.cpp">
      <Filter>SOLID</Filter>
    </ClCompile>
    <ClCompile Include="Creational\Builder\Facets\PersonBuilder.cpp">
      <Filter>Creational\Builder\Facets</Filter>
    </ClCompile>
    <ClCompile Include="Creational\Builder\Facets\Person.cpp">
      <Filter>Creational\Builder\Facets</Filter>
    </ClCompile>
    <ClCompile Include="Creational\Factory\Factory.cpp">
      <Filter>Creational\Factory</Filter>
    </ClCompile>
    <ClCompile Include="Creational\Factory\FactoryMethod.cpp">
      <Filter>Creational\Factory</Filter>
    </ClCompile>
    <ClCompile Include="Creational\Builder\GroovyStyle.cpp">
      <Filter>Creational\Factory</Filter>
    </ClCompile>
    <ClCompile Include="Creational\Builder\Builder.cpp">
      <Filter>Creational\Builder</Filter>
    </ClCompile>
    <ClCompile Include="Creational\Factory\AbstractFactory\AbstractFactory.cpp">
      <Filter>Creational\Factory\AbstractFactory</Filter>
    </ClCompile>
    <ClCompile Include="Creational\Builder\Facets\Facets.cpp">
      <Filter>Creational\Builder\Facets</Filter>
    </ClCompile>
    <ClCompile Include="Creational\Factory\InnerFactory.cpp">
      <Filter>Creational\Factory</Filter>
    </ClCompile>
    <ClCompile Include="Creational\Prototype.cpp">
      <Filter>Creational</Filter>
    </ClCompile>
    <ClCompile Include="Creational\Serialization.cpp">
      <Filter>Creational</Filter>
    </ClCompile>
    <ClCompile Include="Creational\Singleton\SingletonTests.cpp">
      <Filter>Creational\Singleton</Filter>
    </ClCompile>
    <ClCompile Include="Structural\Adapter.cpp">
      <Filter>Structural</Filter>
    </ClCompile>
    <ClCompile Include="Functional\MaybeMonad.cpp">
      <Filter>Functional</Filter>
    </ClCompile>
    <ClCompile Include="Structural\Pimpl\Pimpl.cpp">
      <Filter>Structural\Pimpl</Filter>
    </ClCompile>
    <ClCompile Include="Structural\Pimpl\User.cpp">
      <Filter>Structural\Pimpl</Filter>
    </ClCompile>
    <ClCompile Include="Structural\Bridge.cpp" />
  </ItemGroup>
  <ItemGroup>
    <Filter Include="SOLID">
      <UniqueIdentifier>{dcf7a2f6-c3df-4458-be31-98f9e45371d3}</UniqueIdentifier>
    </Filter>
    <Filter Include="Creational">
      <UniqueIdentifier>{5b81d3c9-4870-4801-85b0-0dbc9ebb48d9}</UniqueIdentifier>
    </Filter>
    <Filter Include="Creational\Builder">
      <UniqueIdentifier>{9c57e79f-e872-419e-8056-78756b5ac8bc}</UniqueIdentifier>
    </Filter>
    <Filter Include="Creational\Factory">
      <UniqueIdentifier>{05256b2f-4df8-48df-920a-ea72654991a7}</UniqueIdentifier>
    </Filter>
    <Filter Include="Creational\Builder\Facets">
      <UniqueIdentifier>{2bc4e89c-33c8-480f-8eaf-cbcd87ddd781}</UniqueIdentifier>
    </Filter>
    <Filter Include="Creational\Factory\AbstractFactory">
      <UniqueIdentifier>{f41250c5-36b9-4d9a-9f84-0dc9aa5d8284}</UniqueIdentifier>
    </Filter>
    <Filter Include="Creational\Singleton">
      <UniqueIdentifier>{eb7f637e-20df-4571-a092-5a2bbdafee93}</UniqueIdentifier>
    </Filter>
    <Filter Include="Structural">
      <UniqueIdentifier>{a62a2cc1-a8ca-4a15-812c-94afb19d3716}</UniqueIdentifier>
    </Filter>
    <Filter Include="Functional">
      <UniqueIdentifier>{d68585bc-174a-4838-b188-7147f5dddf94}</UniqueIdentifier>
    </Filter>
    <Filter Include="Structural\Pimpl">
      <UniqueIdentifier>{2ad3cbcf-3e83-4e60-bf4d-c8e71b1e27c6}</UniqueIdentifier>
    </Filter>
  </ItemGroup>
  <ItemGroup>
    <ClInclude Include="SOLID\3_LSP.cpp">
      <Filter>SOLID</Filter>
    </ClInclude>
    <ClInclude Include="SOLID\di.hpp">
      <Filter>SOLID</Filter>
    </ClInclude>
    <ClInclude Include="Creational\Builder\Facets\Person.h">
      <Filter>Creational\Builder\Facets</Filter>
    </ClInclude>
    <ClInclude Include="Creational\Builder\Facets\PersonAddressBuilder.h">
      <Filter>Creational\Builder\Facets</Filter>
    </ClInclude>
    <ClInclude Include="Creational\Builder\Facets\PersonBuilder.h">
      <Filter>Creational\Builder\Facets</Filter>
    </ClInclude>
    <ClInclude Include="Creational\Builder\Facets\PersonJobBuilder.h">
      <Filter>Creational\Builder\Facets</Filter>
    </ClInclude>
    <ClInclude Include="Creational\Factory\AbstractFactory\CoffeeFactory.h">
      <Filter>Creational\Factory\AbstractFactory</Filter>
    </ClInclude>
    <ClInclude Include="Creational\Factory\AbstractFactory\DrinkFactory.h">
      <Filter>Creational\Factory\AbstractFactory</Filter>
    </ClInclude>
    <ClInclude Include="Creational\Factory\AbstractFactory\HotDrink.h">
      <Filter>Creational\Factory\AbstractFactory</Filter>
    </ClInclude>
    <ClInclude Include="Creational\Factory\AbstractFactory\HotDrinkFactory.h">
      <Filter>Creational\Factory\AbstractFactory</Filter>
    </ClInclude>
    <ClInclude Include="Creational\Singleton\Singleton.h">
      <Filter>Creational\Singleton</Filter>
    </ClInclude>
    <ClInclude Include="Creational\Factory\AbstractFactory\TeaFactory.h">
      <Filter>Creational\Factory\AbstractFactory</Filter>
    </ClInclude>
    <ClInclude Include="Structural\Pimpl\User.h">
      <Filter>Structural\Pimpl</Filter>
    </ClInclude>
  </ItemGroup>
  <ItemGroup>
    <Text Include="capitals.txt">
      <Filter>Creational\Singleton</Filter>
    </Text>
  </ItemGroup>
</Project>